PODS:
  - Alamofire (4.7.0)
  - ReactiveCocoa (7.1.0):
    - ReactiveSwift (~> 3.1)
  - ReactiveSwift (3.1.0):
    - Result (~> 3.2)
  - Reqres (2.1.1)
  - Result (3.2.4)
  - SnapKit (4.0.0)
  - Swinject (2.2.0)
  - SwinjectStoryboard (1.1.2):
    - Swinject (~> 2.1)
  - Unbox (2.5.0)

DEPENDENCIES:
  - Alamofire (~> 4.0)
  - ReactiveCocoa (~> 7.1.0)
  - ReactiveSwift (~> 3.1.0)
  - Reqres (~> 2.1.1)
  - SnapKit (~> 4.0)
  - Swinject (~> 2.2)
  - SwinjectStoryboard (~> 1.1)
  - Unbox (~> 2.5)

SPEC CHECKSUMS:
  Alamofire: 907e0a98eb68cdb7f9d1f541a563d6ac5dc77b25
  ReactiveCocoa: 105ad96f6b8711f1ee7d165fc96587479298053b
  ReactiveSwift: 5b26d2e988fe0eed2daf48c4054d1de74db50184
  Reqres: d532d6fddbede6d688552a7f2535fb0102fc4aca
  Result: d2d07204ce72856f1fd9130bbe42c35a7b0fea10
  SnapKit: a42d492c16e80209130a3379f73596c3454b7694
  Swinject: 4ca48bca7de5f398229a26abe1ac902b9f3ee541
  SwinjectStoryboard: 92e75763c3299cdf627bef98a5180dc894864336
  Unbox: 30e437e6151a6de16139375fd4e8dd9a664cfbf7

PODFILE CHECKSUM: 4548d15e62905754a03e0cc8a2362bbe98e96206

COCOAPODS: 1.4.0
