// !$*UTF8*$!
{
	archiveVersion = 1;
	classes = {
	};
	objectVersion = 46;
	objects = {

/* Begin PBXBuildFile section */
		1EBED843F181C2EA8A2E311C /* Pods_Cookbook.framework in Frameworks */ = {isa = PBXBuildFile; fileRef = 03CDC81954A5D8A2425D22FF /* Pods_Cookbook.framework */; };
		2DEA4643A76FD437AF885DAE /* Pods_CookbookTests.framework in Frameworks */ = {isa = PBXBuildFile; fileRef = F8038FDA6535FDAC7E3AA2C0 /* Pods_CookbookTests.framework */; };
		8E312666205BCEB300C86B61 /* NetworkSpec.swift in Sources */ = {isa = PBXBuildFile; fileRef = 8E312665205BCEB300C86B61 /* NetworkSpec.swift */; };
		8E5C4FA1205182FD008C308E /* Theme.swift in Sources */ = {isa = PBXBuildFile; fileRef = 8E5C4FA0205182FD008C308E /* Theme.swift */; };
		8E5C62D32063BE8E00A898B6 /* .swiftlint.yml in Resources */ = {isa = PBXBuildFile; fileRef = 8E5C62D22063BE8D00A898B6 /* .swiftlint.yml */; };
		8E71F475206232AA00397B47 /* MasterViewControllerSpec.swift in Sources */ = {isa = PBXBuildFile; fileRef = 8E71F474206232AA00397B47 /* MasterViewControllerSpec.swift */; };
		8E71F47A20625E4E00397B47 /* StubAPIService.swift in Sources */ = {isa = PBXBuildFile; fileRef = 8E71F47820625D5C00397B47 /* StubAPIService.swift */; };
		8E71F47B20625F3F00397B47 /* recipe.json in Resources */ = {isa = PBXBuildFile; fileRef = 8E71F47620625C0E00397B47 /* recipe.json */; };
		8E752E3C20628C060093488A /* DetailViewControllerSpec.swift in Sources */ = {isa = PBXBuildFile; fileRef = 8E752E3B20628C060093488A /* DetailViewControllerSpec.swift */; };
		8E799A352061622C008A799A /* recipes.json in Resources */ = {isa = PBXBuildFile; fileRef = 8E799A342061616E008A799A /* recipes.json */; };
		8E799A362061622F008A799A /* StubNetwork.swift in Sources */ = {isa = PBXBuildFile; fileRef = 8E799A2F20615A79008A799A /* StubNetwork.swift */; };
		8E799A3820618036008A799A /* AppDelegate.swift in Sources */ = {isa = PBXBuildFile; fileRef = 8E799A3720618036008A799A /* AppDelegate.swift */; };
		8E799A42206180BE008A799A /* Int+.swift in Sources */ = {isa = PBXBuildFile; fileRef = 8E799A3B206180BE008A799A /* Int+.swift */; };
		8E799A43206180BE008A799A /* String+.swift in Sources */ = {isa = PBXBuildFile; fileRef = 8E799A3C206180BE008A799A /* String+.swift */; };
		8E799A44206180BE008A799A /* Array+.swift in Sources */ = {isa = PBXBuildFile; fileRef = 8E799A3D206180BE008A799A /* Array+.swift */; };
		8E799A46206180BE008A799A /* ViewController+.swift in Sources */ = {isa = PBXBuildFile; fileRef = 8E799A3F206180BE008A799A /* ViewController+.swift */; };
		8E799A47206180BE008A799A /* Color+.swift in Sources */ = {isa = PBXBuildFile; fileRef = 8E799A40206180BE008A799A /* Color+.swift */; };
		8E799A48206180BE008A799A /* SplitViewController+.swift in Sources */ = {isa = PBXBuildFile; fileRef = 8E799A41206180BE008A799A /* SplitViewController+.swift */; };
		8E799A4D206180E4008A799A /* RecipeItemCell.swift in Sources */ = {isa = PBXBuildFile; fileRef = 8E799A49206180E4008A799A /* RecipeItemCell.swift */; };
		8E799A4E206180E4008A799A /* EditViewController.swift in Sources */ = {isa = PBXBuildFile; fileRef = 8E799A4A206180E4008A799A /* EditViewController.swift */; };
		8E799A4F206180E4008A799A /* MasterViewController.swift in Sources */ = {isa = PBXBuildFile; fileRef = 8E799A4B206180E4008A799A /* MasterViewController.swift */; };
		8E799A50206180E4008A799A /* DetailViewController.swift in Sources */ = {isa = PBXBuildFile; fileRef = 8E799A4C206180E4008A799A /* DetailViewController.swift */; };
		8E799A54206180F8008A799A /* MasterViewModel.swift in Sources */ = {isa = PBXBuildFile; fileRef = 8E799A51206180F8008A799A /* MasterViewModel.swift */; };
		8E799A55206180F8008A799A /* DetailViewModel.swift in Sources */ = {isa = PBXBuildFile; fileRef = 8E799A52206180F8008A799A /* DetailViewModel.swift */; };
		8E799A56206180F8008A799A /* EditViewModel.swift in Sources */ = {isa = PBXBuildFile; fileRef = 8E799A53206180F8008A799A /* EditViewModel.swift */; };
		8E799A5C20618118008A799A /* RecipeDetail.swift in Sources */ = {isa = PBXBuildFile; fileRef = 8E799A5720618118008A799A /* RecipeDetail.swift */; };
		8E799A5D20618118008A799A /* EvaluateParameters.swift in Sources */ = {isa = PBXBuildFile; fileRef = 8E799A5820618118008A799A /* EvaluateParameters.swift */; };
		8E799A5E20618118008A799A /* Changeset.swift in Sources */ = {isa = PBXBuildFile; fileRef = 8E799A5920618118008A799A /* Changeset.swift */; };
		8E799A5F20618118008A799A /* RecipeParameters.swift in Sources */ = {isa = PBXBuildFile; fileRef = 8E799A5A20618118008A799A /* RecipeParameters.swift */; };
		8E799A6020618118008A799A /* Recipe.swift in Sources */ = {isa = PBXBuildFile; fileRef = 8E799A5B20618118008A799A /* Recipe.swift */; };
		8E799A6420618138008A799A /* Network.swift in Sources */ = {isa = PBXBuildFile; fileRef = 8E799A6120618138008A799A /* Network.swift */; };
		8E799A6520618138008A799A /* CookbookAPIService.swift in Sources */ = {isa = PBXBuildFile; fileRef = 8E799A6220618138008A799A /* CookbookAPIService.swift */; };
		8E799A6620618138008A799A /* APIService.swift in Sources */ = {isa = PBXBuildFile; fileRef = 8E799A6320618138008A799A /* APIService.swift */; };
		8E799A6C2061816C008A799A /* Localizable.strings in Resources */ = {isa = PBXBuildFile; fileRef = 8E799A682061816C008A799A /* Localizable.strings */; };
		8E799A6D2061816C008A799A /* Assets.xcassets in Resources */ = {isa = PBXBuildFile; fileRef = 8E799A692061816C008A799A /* Assets.xcassets */; };
		8E799A7020618190008A799A /* Ingredient.swift in Sources */ = {isa = PBXBuildFile; fileRef = 8E799A6F20618190008A799A /* Ingredient.swift */; };
		8EF5D301206B6FC30076B5CC /* DetailViewModeling.swift in Sources */ = {isa = PBXBuildFile; fileRef = 8EF5D2FE206B6FC20076B5CC /* DetailViewModeling.swift */; };
		8EF5D302206B6FC30076B5CC /* EditViewModeling.swift in Sources */ = {isa = PBXBuildFile; fileRef = 8EF5D2FF206B6FC20076B5CC /* EditViewModeling.swift */; };
		8EF5D303206B6FC30076B5CC /* MasterViewModeling.swift in Sources */ = {isa = PBXBuildFile; fileRef = 8EF5D300206B6FC30076B5CC /* MasterViewModeling.swift */; };
		8EF5D305206B6FDF0076B5CC /* CookbookAPIServicing.swift in Sources */ = {isa = PBXBuildFile; fileRef = 8EF5D304206B6FDF0076B5CC /* CookbookAPIServicing.swift */; };
		8EF5D30B206B70040076B5CC /* LaunchScreen.storyboard in Resources */ = {isa = PBXBuildFile; fileRef = 8EF5D306206B70030076B5CC /* LaunchScreen.storyboard */; };
		8EF5D30C206B70040076B5CC /* Main.storyboard in Resources */ = {isa = PBXBuildFile; fileRef = 8EF5D307206B70030076B5CC /* Main.storyboard */; };
		8EF5D30F206B70040076B5CC /* SwinjectStoryboard+Setup.swift in Sources */ = {isa = PBXBuildFile; fileRef = 8EF5D30A206B70040076B5CC /* SwinjectStoryboard+Setup.swift */; };
/* End PBXBuildFile section */

/* Begin PBXContainerItemProxy section */
		8E312668205BCEB300C86B61 /* PBXContainerItemProxy */ = {
			isa = PBXContainerItemProxy;
			containerPortal = B4B814F71E27831800C8A24B /* Project object */;
			proxyType = 1;
			remoteGlobalIDString = B4B814FE1E27831800C8A24B;
			remoteInfo = Cookbook;
		};
/* End PBXContainerItemProxy section */

/* Begin PBXFileReference section */
		03CDC81954A5D8A2425D22FF /* Pods_Cookbook.framework */ = {isa = PBXFileReference; explicitFileType = wrapper.framework; includeInIndex = 0; path = Pods_Cookbook.framework; sourceTree = BUILT_PRODUCTS_DIR; };
		47802F2596027D21C9738512 /* Pods-Cookbook.debug.xcconfig */ = {isa = PBXFileReference; includeInIndex = 1; lastKnownFileType = text.xcconfig; name = "Pods-Cookbook.debug.xcconfig"; path = "Pods/Target Support Files/Pods-Cookbook/Pods-Cookbook.debug.xcconfig"; sourceTree = "<group>"; };
		8E312663205BCEB300C86B61 /* CookbookTests.xctest */ = {isa = PBXFileReference; explicitFileType = wrapper.cfbundle; includeInIndex = 0; path = CookbookTests.xctest; sourceTree = BUILT_PRODUCTS_DIR; };
		8E312665205BCEB300C86B61 /* NetworkSpec.swift */ = {isa = PBXFileReference; lastKnownFileType = sourcecode.swift; path = NetworkSpec.swift; sourceTree = "<group>"; };
		8E312667205BCEB300C86B61 /* Info.plist */ = {isa = PBXFileReference; lastKnownFileType = text.plist.xml; path = Info.plist; sourceTree = "<group>"; };
		8E5C4FA0205182FD008C308E /* Theme.swift */ = {isa = PBXFileReference; lastKnownFileType = sourcecode.swift; path = Theme.swift; sourceTree = "<group>"; };
		8E5C62D22063BE8D00A898B6 /* .swiftlint.yml */ = {isa = PBXFileReference; explicitFileType = text; fileEncoding = 4; name = .swiftlint.yml; path = "Cookbook-Test-Project/.swiftlint.yml"; sourceTree = SOURCE_ROOT; };
		8E71F474206232AA00397B47 /* MasterViewControllerSpec.swift */ = {isa = PBXFileReference; lastKnownFileType = sourcecode.swift; path = MasterViewControllerSpec.swift; sourceTree = "<group>"; };
		8E71F47620625C0E00397B47 /* recipe.json */ = {isa = PBXFileReference; fileEncoding = 4; lastKnownFileType = text.json; path = recipe.json; sourceTree = "<group>"; };
		8E71F47820625D5C00397B47 /* StubAPIService.swift */ = {isa = PBXFileReference; lastKnownFileType = sourcecode.swift; path = StubAPIService.swift; sourceTree = "<group>"; };
		8E752E3B20628C060093488A /* DetailViewControllerSpec.swift */ = {isa = PBXFileReference; lastKnownFileType = sourcecode.swift; path = DetailViewControllerSpec.swift; sourceTree = "<group>"; };
		8E799A2F20615A79008A799A /* StubNetwork.swift */ = {isa = PBXFileReference; lastKnownFileType = sourcecode.swift; path = StubNetwork.swift; sourceTree = "<group>"; };
		8E799A342061616E008A799A /* recipes.json */ = {isa = PBXFileReference; lastKnownFileType = text.json; path = recipes.json; sourceTree = "<group>"; };
		8E799A3720618036008A799A /* AppDelegate.swift */ = {isa = PBXFileReference; fileEncoding = 4; lastKnownFileType = sourcecode.swift; name = AppDelegate.swift; path = "Cookbook-Test-Project/AppDelegate.swift"; sourceTree = "<group>"; };
		8E799A3B206180BE008A799A /* Int+.swift */ = {isa = PBXFileReference; fileEncoding = 4; lastKnownFileType = sourcecode.swift; name = "Int+.swift"; path = "Cookbook-Test-Project/Int+.swift"; sourceTree = "<group>"; };
		8E799A3C206180BE008A799A /* String+.swift */ = {isa = PBXFileReference; fileEncoding = 4; lastKnownFileType = sourcecode.swift; name = "String+.swift"; path = "Cookbook-Test-Project/String+.swift"; sourceTree = "<group>"; };
		8E799A3D206180BE008A799A /* Array+.swift */ = {isa = PBXFileReference; fileEncoding = 4; lastKnownFileType = sourcecode.swift; name = "Array+.swift"; path = "Cookbook-Test-Project/Array+.swift"; sourceTree = "<group>"; };
		8E799A3F206180BE008A799A /* ViewController+.swift */ = {isa = PBXFileReference; fileEncoding = 4; lastKnownFileType = sourcecode.swift; name = "ViewController+.swift"; path = "Cookbook-Test-Project/ViewController+.swift"; sourceTree = "<group>"; };
		8E799A40206180BE008A799A /* Color+.swift */ = {isa = PBXFileReference; fileEncoding = 4; lastKnownFileType = sourcecode.swift; name = "Color+.swift"; path = "Cookbook-Test-Project/Color+.swift"; sourceTree = "<group>"; };
		8E799A41206180BE008A799A /* SplitViewController+.swift */ = {isa = PBXFileReference; fileEncoding = 4; lastKnownFileType = sourcecode.swift; name = "SplitViewController+.swift"; path = "Cookbook-Test-Project/SplitViewController+.swift"; sourceTree = "<group>"; };
		8E799A49206180E4008A799A /* RecipeItemCell.swift */ = {isa = PBXFileReference; fileEncoding = 4; lastKnownFileType = sourcecode.swift; name = RecipeItemCell.swift; path = "Cookbook-Test-Project/RecipeItemCell.swift"; sourceTree = "<group>"; };
		8E799A4A206180E4008A799A /* EditViewController.swift */ = {isa = PBXFileReference; fileEncoding = 4; lastKnownFileType = sourcecode.swift; name = EditViewController.swift; path = "Cookbook-Test-Project/EditViewController.swift"; sourceTree = "<group>"; };
		8E799A4B206180E4008A799A /* MasterViewController.swift */ = {isa = PBXFileReference; fileEncoding = 4; lastKnownFileType = sourcecode.swift; name = MasterViewController.swift; path = "Cookbook-Test-Project/MasterViewController.swift"; sourceTree = "<group>"; };
		8E799A4C206180E4008A799A /* DetailViewController.swift */ = {isa = PBXFileReference; fileEncoding = 4; lastKnownFileType = sourcecode.swift; name = DetailViewController.swift; path = "Cookbook-Test-Project/DetailViewController.swift"; sourceTree = "<group>"; };
		8E799A51206180F8008A799A /* MasterViewModel.swift */ = {isa = PBXFileReference; fileEncoding = 4; lastKnownFileType = sourcecode.swift; name = MasterViewModel.swift; path = "Cookbook-Test-Project/MasterViewModel.swift"; sourceTree = "<group>"; };
		8E799A52206180F8008A799A /* DetailViewModel.swift */ = {isa = PBXFileReference; fileEncoding = 4; lastKnownFileType = sourcecode.swift; name = DetailViewModel.swift; path = "Cookbook-Test-Project/DetailViewModel.swift"; sourceTree = "<group>"; };
		8E799A53206180F8008A799A /* EditViewModel.swift */ = {isa = PBXFileReference; fileEncoding = 4; lastKnownFileType = sourcecode.swift; name = EditViewModel.swift; path = "Cookbook-Test-Project/EditViewModel.swift"; sourceTree = "<group>"; };
		8E799A5720618118008A799A /* RecipeDetail.swift */ = {isa = PBXFileReference; fileEncoding = 4; lastKnownFileType = sourcecode.swift; name = RecipeDetail.swift; path = "Cookbook-Test-Project/RecipeDetail.swift"; sourceTree = "<group>"; };
		8E799A5820618118008A799A /* EvaluateParameters.swift */ = {isa = PBXFileReference; fileEncoding = 4; lastKnownFileType = sourcecode.swift; name = EvaluateParameters.swift; path = "Cookbook-Test-Project/EvaluateParameters.swift"; sourceTree = "<group>"; };
		8E799A5920618118008A799A /* Changeset.swift */ = {isa = PBXFileReference; fileEncoding = 4; lastKnownFileType = sourcecode.swift; name = Changeset.swift; path = "Cookbook-Test-Project/Changeset.swift"; sourceTree = "<group>"; };
		8E799A5A20618118008A799A /* RecipeParameters.swift */ = {isa = PBXFileReference; fileEncoding = 4; lastKnownFileType = sourcecode.swift; name = RecipeParameters.swift; path = "Cookbook-Test-Project/RecipeParameters.swift"; sourceTree = "<group>"; };
		8E799A5B20618118008A799A /* Recipe.swift */ = {isa = PBXFileReference; fileEncoding = 4; lastKnownFileType = sourcecode.swift; name = Recipe.swift; path = "Cookbook-Test-Project/Recipe.swift"; sourceTree = "<group>"; };
		8E799A6120618138008A799A /* Network.swift */ = {isa = PBXFileReference; fileEncoding = 4; lastKnownFileType = sourcecode.swift; name = Network.swift; path = "Cookbook-Test-Project/Network.swift"; sourceTree = "<group>"; };
		8E799A6220618138008A799A /* CookbookAPIService.swift */ = {isa = PBXFileReference; fileEncoding = 4; lastKnownFileType = sourcecode.swift; name = CookbookAPIService.swift; path = "Cookbook-Test-Project/CookbookAPIService.swift"; sourceTree = "<group>"; };
		8E799A6320618138008A799A /* APIService.swift */ = {isa = PBXFileReference; fileEncoding = 4; lastKnownFileType = sourcecode.swift; name = APIService.swift; path = "Cookbook-Test-Project/APIService.swift"; sourceTree = "<group>"; };
		8E799A682061816C008A799A /* Localizable.strings */ = {isa = PBXFileReference; fileEncoding = 4; lastKnownFileType = text.plist.strings; name = Localizable.strings; path = "Cookbook-Test-Project/Localizable.strings"; sourceTree = "<group>"; };
		8E799A692061816C008A799A /* Assets.xcassets */ = {isa = PBXFileReference; lastKnownFileType = folder.assetcatalog; name = Assets.xcassets; path = "Cookbook-Test-Project/Assets.xcassets"; sourceTree = "<group>"; };
		8E799A6F20618190008A799A /* Ingredient.swift */ = {isa = PBXFileReference; fileEncoding = 4; lastKnownFileType = sourcecode.swift; name = Ingredient.swift; path = "Cookbook-Test-Project/Ingredient.swift"; sourceTree = "<group>"; };
		8EF5D2FE206B6FC20076B5CC /* DetailViewModeling.swift */ = {isa = PBXFileReference; fileEncoding = 4; lastKnownFileType = sourcecode.swift; name = DetailViewModeling.swift; path = "Cookbook-Test-Project/DetailViewModeling.swift"; sourceTree = "<group>"; };
		8EF5D2FF206B6FC20076B5CC /* EditViewModeling.swift */ = {isa = PBXFileReference; fileEncoding = 4; lastKnownFileType = sourcecode.swift; name = EditViewModeling.swift; path = "Cookbook-Test-Project/EditViewModeling.swift"; sourceTree = "<group>"; };
		8EF5D300206B6FC30076B5CC /* MasterViewModeling.swift */ = {isa = PBXFileReference; fileEncoding = 4; lastKnownFileType = sourcecode.swift; name = MasterViewModeling.swift; path = "Cookbook-Test-Project/MasterViewModeling.swift"; sourceTree = "<group>"; };
		8EF5D304206B6FDF0076B5CC /* CookbookAPIServicing.swift */ = {isa = PBXFileReference; fileEncoding = 4; lastKnownFileType = sourcecode.swift; name = CookbookAPIServicing.swift; path = "Cookbook-Test-Project/CookbookAPIServicing.swift"; sourceTree = "<group>"; };
		8EF5D306206B70030076B5CC /* LaunchScreen.storyboard */ = {isa = PBXFileReference; fileEncoding = 4; lastKnownFileType = file.storyboard; path = LaunchScreen.storyboard; sourceTree = "<group>"; };
		8EF5D307206B70030076B5CC /* Main.storyboard */ = {isa = PBXFileReference; fileEncoding = 4; lastKnownFileType = file.storyboard; path = Main.storyboard; sourceTree = "<group>"; };
		8EF5D309206B70030076B5CC /* Info.plist */ = {isa = PBXFileReference; fileEncoding = 4; lastKnownFileType = text.plist.xml; path = Info.plist; sourceTree = "<group>"; };
		8EF5D30A206B70040076B5CC /* SwinjectStoryboard+Setup.swift */ = {isa = PBXFileReference; fileEncoding = 4; lastKnownFileType = sourcecode.swift; path = "SwinjectStoryboard+Setup.swift"; sourceTree = "<group>"; };
		9C9E934CE6D3099D02ED5692 /* Pods-Cookbook.release.xcconfig */ = {isa = PBXFileReference; includeInIndex = 1; lastKnownFileType = text.xcconfig; name = "Pods-Cookbook.release.xcconfig"; path = "Pods/Target Support Files/Pods-Cookbook/Pods-Cookbook.release.xcconfig"; sourceTree = "<group>"; };
		B4B814FF1E27831800C8A24B /* Cookbook.app */ = {isa = PBXFileReference; explicitFileType = wrapper.application; includeInIndex = 0; path = Cookbook.app; sourceTree = BUILT_PRODUCTS_DIR; };
		B8DBC2C751A7CF3EC684F257 /* Pods-CookbookTests.debug.xcconfig */ = {isa = PBXFileReference; includeInIndex = 1; lastKnownFileType = text.xcconfig; name = "Pods-CookbookTests.debug.xcconfig"; path = "Pods/Target Support Files/Pods-CookbookTests/Pods-CookbookTests.debug.xcconfig"; sourceTree = "<group>"; };
		EEA8AAEDBA6976DD24AA2638 /* Pods-CookbookTests.release.xcconfig */ = {isa = PBXFileReference; includeInIndex = 1; lastKnownFileType = text.xcconfig; name = "Pods-CookbookTests.release.xcconfig"; path = "Pods/Target Support Files/Pods-CookbookTests/Pods-CookbookTests.release.xcconfig"; sourceTree = "<group>"; };
		F8038FDA6535FDAC7E3AA2C0 /* Pods_CookbookTests.framework */ = {isa = PBXFileReference; explicitFileType = wrapper.framework; includeInIndex = 0; path = Pods_CookbookTests.framework; sourceTree = BUILT_PRODUCTS_DIR; };
/* End PBXFileReference section */

/* Begin PBXFrameworksBuildPhase section */
		8E312660205BCEB300C86B61 /* Frameworks */ = {
			isa = PBXFrameworksBuildPhase;
			buildActionMask = 2147483647;
			files = (
				2DEA4643A76FD437AF885DAE /* Pods_CookbookTests.framework in Frameworks */,
			);
			runOnlyForDeploymentPostprocessing = 0;
		};
		B4B814FC1E27831800C8A24B /* Frameworks */ = {
			isa = PBXFrameworksBuildPhase;
			buildActionMask = 2147483647;
			files = (
				1EBED843F181C2EA8A2E311C /* Pods_Cookbook.framework in Frameworks */,
			);
			runOnlyForDeploymentPostprocessing = 0;
		};
/* End PBXFrameworksBuildPhase section */

/* Begin PBXGroup section */
		01A772BE48019979E87FDA0A /* Frameworks */ = {
			isa = PBXGroup;
			children = (
				03CDC81954A5D8A2425D22FF /* Pods_Cookbook.framework */,
				F8038FDA6535FDAC7E3AA2C0 /* Pods_CookbookTests.framework */,
			);
			name = Frameworks;
			sourceTree = "<group>";
		};
		5D411AA0001008D2A71F97CF /* Pods */ = {
			isa = PBXGroup;
			children = (
				47802F2596027D21C9738512 /* Pods-Cookbook.debug.xcconfig */,
				9C9E934CE6D3099D02ED5692 /* Pods-Cookbook.release.xcconfig */,
				B8DBC2C751A7CF3EC684F257 /* Pods-CookbookTests.debug.xcconfig */,
				EEA8AAEDBA6976DD24AA2638 /* Pods-CookbookTests.release.xcconfig */,
			);
			name = Pods;
			sourceTree = "<group>";
		};
		8E312664205BCEB300C86B61 /* CookbookTests */ = {
			isa = PBXGroup;
			children = (
				8E312665205BCEB300C86B61 /* NetworkSpec.swift */,
				8E71F474206232AA00397B47 /* MasterViewControllerSpec.swift */,
				8E752E3B20628C060093488A /* DetailViewControllerSpec.swift */,
				8E312667205BCEB300C86B61 /* Info.plist */,
			);
			path = CookbookTests;
			sourceTree = "<group>";
		};
		8E3B4820204D50F5005842C0 /* Views */ = {
			isa = PBXGroup;
			children = (
				8E799A4C206180E4008A799A /* DetailViewController.swift */,
				8E799A4A206180E4008A799A /* EditViewController.swift */,
				8E799A4B206180E4008A799A /* MasterViewController.swift */,
				8E799A49206180E4008A799A /* RecipeItemCell.swift */,
			);
			name = Views;
			sourceTree = "<group>";
		};
		8E4529E4204C324800F3C0EC /* Models */ = {
			isa = PBXGroup;
			children = (
				8E799A6F20618190008A799A /* Ingredient.swift */,
				8E799A5920618118008A799A /* Changeset.swift */,
				8E799A5820618118008A799A /* EvaluateParameters.swift */,
				8E799A5B20618118008A799A /* Recipe.swift */,
				8E799A5720618118008A799A /* RecipeDetail.swift */,
				8E799A5A20618118008A799A /* RecipeParameters.swift */,
			);
			name = Models;
			sourceTree = "<group>";
		};
		8E4529E5204C326000F3C0EC /* View Models */ = {
			isa = PBXGroup;
			children = (
				8EF5D300206B6FC30076B5CC /* MasterViewModeling.swift */,
				8E799A51206180F8008A799A /* MasterViewModel.swift */,
				8EF5D2FE206B6FC20076B5CC /* DetailViewModeling.swift */,
				8E799A52206180F8008A799A /* DetailViewModel.swift */,
				8EF5D2FF206B6FC20076B5CC /* EditViewModeling.swift */,
				8E799A53206180F8008A799A /* EditViewModel.swift */,
			);
			name = "View Models";
			sourceTree = "<group>";
		};
		8E5C4FA22051834D008C308E /* Helpers */ = {
			isa = PBXGroup;
			children = (
				8E799A3D206180BE008A799A /* Array+.swift */,
				8E799A40206180BE008A799A /* Color+.swift */,
				8E799A3B206180BE008A799A /* Int+.swift */,
				8E799A41206180BE008A799A /* SplitViewController+.swift */,
				8E799A3C206180BE008A799A /* String+.swift */,
				8E799A3F206180BE008A799A /* ViewController+.swift */,
			);
			name = Helpers;
			sourceTree = "<group>";
		};
		8E799A2E20615A62008A799A /* Stubs */ = {
			isa = PBXGroup;
			children = (
				8E71F47620625C0E00397B47 /* recipe.json */,
				8E799A342061616E008A799A /* recipes.json */,
				8E799A2F20615A79008A799A /* StubNetwork.swift */,
				8E71F47820625D5C00397B47 /* StubAPIService.swift */,
			);
			name = Stubs;
			path = "Cookbook-Test-Project";
			sourceTree = "<group>";
		};
		B4B814F61E27831800C8A24B = {
			isa = PBXGroup;
			children = (
				B4B815011E27831800C8A24B /* Source */,
				8E312664205BCEB300C86B61 /* CookbookTests */,
				B4B815001E27831800C8A24B /* Products */,
				5D411AA0001008D2A71F97CF /* Pods */,
				01A772BE48019979E87FDA0A /* Frameworks */,
			);
			sourceTree = "<group>";
		};
		B4B815001E27831800C8A24B /* Products */ = {
			isa = PBXGroup;
			children = (
				B4B814FF1E27831800C8A24B /* Cookbook.app */,
				8E312663205BCEB300C86B61 /* CookbookTests.xctest */,
			);
			name = Products;
			sourceTree = "<group>";
		};
		B4B815011E27831800C8A24B /* Source */ = {
			isa = PBXGroup;
			children = (
				8E799A2E20615A62008A799A /* Stubs */,
				8E5C4FA22051834D008C308E /* Helpers */,
				8E3B4820204D50F5005842C0 /* Views */,
				8E4529E5204C326000F3C0EC /* View Models */,
				8E4529E4204C324800F3C0EC /* Models */,
				B4B815161E2785B900C8A24B /* Networking */,
				8E799A3720618036008A799A /* AppDelegate.swift */,
				8EF5D30A206B70040076B5CC /* SwinjectStoryboard+Setup.swift */,
				8E5C4FA0205182FD008C308E /* Theme.swift */,
				8E5C62D22063BE8D00A898B6 /* .swiftlint.yml */,
				8EF5D309206B70030076B5CC /* Info.plist */,
				8E799A692061816C008A799A /* Assets.xcassets */,
				8EF5D306206B70030076B5CC /* LaunchScreen.storyboard */,
				8EF5D307206B70030076B5CC /* Main.storyboard */,
				8E799A682061816C008A799A /* Localizable.strings */,
			);
			name = Source;
			path = "Cookbook-Test-Project";
			sourceTree = "<group>";
		};
		B4B815161E2785B900C8A24B /* Networking */ = {
			isa = PBXGroup;
			children = (
				8EF5D304206B6FDF0076B5CC /* CookbookAPIServicing.swift */,
				8E799A6320618138008A799A /* APIService.swift */,
				8E799A6220618138008A799A /* CookbookAPIService.swift */,
				8E799A6120618138008A799A /* Network.swift */,
			);
			name = Networking;
			sourceTree = "<group>";
		};
/* End PBXGroup section */

/* Begin PBXNativeTarget section */
		8E312662205BCEB300C86B61 /* CookbookTests */ = {
			isa = PBXNativeTarget;
			buildConfigurationList = 8E31266C205BCEB300C86B61 /* Build configuration list for PBXNativeTarget "CookbookTests" */;
			buildPhases = (
				F1CC45DD11FA4DB4F57D8D2E /* [CP] Check Pods Manifest.lock */,
				8E31265F205BCEB300C86B61 /* Sources */,
				8E312660205BCEB300C86B61 /* Frameworks */,
				8E312661205BCEB300C86B61 /* Resources */,
				F3101209723137D9B3B2AB6C /* [CP] Embed Pods Frameworks */,
				2DA88D179C1DD79FF105259E /* [CP] Copy Pods Resources */,
			);
			buildRules = (
			);
			dependencies = (
				8E312669205BCEB300C86B61 /* PBXTargetDependency */,
			);
			name = CookbookTests;
			productName = CookbookTests;
			productReference = 8E312663205BCEB300C86B61 /* CookbookTests.xctest */;
			productType = "com.apple.product-type.bundle.unit-test";
		};
		B4B814FE1E27831800C8A24B /* Cookbook */ = {
			isa = PBXNativeTarget;
			buildConfigurationList = B4B815131E27831800C8A24B /* Build configuration list for PBXNativeTarget "Cookbook" */;
			buildPhases = (
				EB2A4240368CB1A1E3318BBD /* [CP] Check Pods Manifest.lock */,
				B4B814FB1E27831800C8A24B /* Sources */,
				B4B814FC1E27831800C8A24B /* Frameworks */,
				B4B814FD1E27831800C8A24B /* Resources */,
				9A2DF950422C784D0C96BCA0 /* [CP] Embed Pods Frameworks */,
				A6A2A6772786FD32B0C2F9F6 /* [CP] Copy Pods Resources */,
				8E5C62D12063AE0300A898B6 /* ShellScript */,
			);
			buildRules = (
			);
			dependencies = (
			);
			name = Cookbook;
			productName = "Cookbook-Test-Project";
			productReference = B4B814FF1E27831800C8A24B /* Cookbook.app */;
			productType = "com.apple.product-type.application";
		};
/* End PBXNativeTarget section */

/* Begin PBXProject section */
		B4B814F71E27831800C8A24B /* Project object */ = {
			isa = PBXProject;
			attributes = {
				LastSwiftUpdateCheck = 0920;
				LastUpgradeCheck = 0920;
				ORGANIZATIONNAME = "Dominik Vesely";
				TargetAttributes = {
					8E312662205BCEB300C86B61 = {
						CreatedOnToolsVersion = 9.2;
						DevelopmentTeam = Q3UPW47U7L;
						ProvisioningStyle = Automatic;
						TestTargetID = B4B814FE1E27831800C8A24B;
					};
					B4B814FE1E27831800C8A24B = {
						CreatedOnToolsVersion = 8.2;
						DevelopmentTeam = Q3UPW47U7L;
						ProvisioningStyle = Automatic;
					};
				};
			};
			buildConfigurationList = B4B814FA1E27831800C8A24B /* Build configuration list for PBXProject "Cookbook" */;
			compatibilityVersion = "Xcode 3.2";
			developmentRegion = English;
			hasScannedForEncodings = 0;
			knownRegions = (
				en,
				Base,
			);
			mainGroup = B4B814F61E27831800C8A24B;
			productRefGroup = B4B815001E27831800C8A24B /* Products */;
			projectDirPath = "";
			projectRoot = "";
			targets = (
				B4B814FE1E27831800C8A24B /* Cookbook */,
				8E312662205BCEB300C86B61 /* CookbookTests */,
			);
		};
/* End PBXProject section */

/* Begin PBXResourcesBuildPhase section */
		8E312661205BCEB300C86B61 /* Resources */ = {
			isa = PBXResourcesBuildPhase;
			buildActionMask = 2147483647;
			files = (
			);
			runOnlyForDeploymentPostprocessing = 0;
		};
		B4B814FD1E27831800C8A24B /* Resources */ = {
			isa = PBXResourcesBuildPhase;
			buildActionMask = 2147483647;
			files = (
				8E799A352061622C008A799A /* recipes.json in Resources */,
				8EF5D30B206B70040076B5CC /* LaunchScreen.storyboard in Resources */,
				8E71F47B20625F3F00397B47 /* recipe.json in Resources */,
				8E799A6C2061816C008A799A /* Localizable.strings in Resources */,
				8E5C62D32063BE8E00A898B6 /* .swiftlint.yml in Resources */,
				8EF5D30C206B70040076B5CC /* Main.storyboard in Resources */,
				8E799A6D2061816C008A799A /* Assets.xcassets in Resources */,
			);
			runOnlyForDeploymentPostprocessing = 0;
		};
/* End PBXResourcesBuildPhase section */

/* Begin PBXShellScriptBuildPhase section */
		2DA88D179C1DD79FF105259E /* [CP] Copy Pods Resources */ = {
			isa = PBXShellScriptBuildPhase;
			buildActionMask = 2147483647;
			files = (
			);
			inputPaths = (
			);
			name = "[CP] Copy Pods Resources";
			outputPaths = (
			);
			runOnlyForDeploymentPostprocessing = 0;
			shellPath = /bin/sh;
			shellScript = "\"${SRCROOT}/Pods/Target Support Files/Pods-CookbookTests/Pods-CookbookTests-resources.sh\"\n";
			showEnvVarsInLog = 0;
		};
		8E5C62D12063AE0300A898B6 /* ShellScript */ = {
			isa = PBXShellScriptBuildPhase;
			buildActionMask = 2147483647;
			files = (
			);
			inputPaths = (
			);
			outputPaths = (
			);
			runOnlyForDeploymentPostprocessing = 0;
			shellPath = /bin/sh;
			shellScript = "\"${PODS_ROOT}/SwiftLint/swiftlint\"";
		};
		9A2DF950422C784D0C96BCA0 /* [CP] Embed Pods Frameworks */ = {
			isa = PBXShellScriptBuildPhase;
			buildActionMask = 2147483647;
			files = (
			);
			inputPaths = (
				"${SRCROOT}/Pods/Target Support Files/Pods-Cookbook/Pods-Cookbook-frameworks.sh",
				"${BUILT_PRODUCTS_DIR}/Alamofire/Alamofire.framework",
				"${BUILT_PRODUCTS_DIR}/ReactiveCocoa/ReactiveCocoa.framework",
				"${BUILT_PRODUCTS_DIR}/ReactiveSwift/ReactiveSwift.framework",
				"${BUILT_PRODUCTS_DIR}/Reqres/Reqres.framework",
				"${BUILT_PRODUCTS_DIR}/Result/Result.framework",
				"${BUILT_PRODUCTS_DIR}/SnapKit/SnapKit.framework",
				"${BUILT_PRODUCTS_DIR}/Swinject/Swinject.framework",
				"${BUILT_PRODUCTS_DIR}/SwinjectStoryboard/SwinjectStoryboard.framework",
				"${BUILT_PRODUCTS_DIR}/Unbox/Unbox.framework",
			);
			name = "[CP] Embed Pods Frameworks";
			outputPaths = (
				"${TARGET_BUILD_DIR}/${FRAMEWORKS_FOLDER_PATH}/Alamofire.framework",
				"${TARGET_BUILD_DIR}/${FRAMEWORKS_FOLDER_PATH}/ReactiveCocoa.framework",
				"${TARGET_BUILD_DIR}/${FRAMEWORKS_FOLDER_PATH}/ReactiveSwift.framework",
				"${TARGET_BUILD_DIR}/${FRAMEWORKS_FOLDER_PATH}/Reqres.framework",
				"${TARGET_BUILD_DIR}/${FRAMEWORKS_FOLDER_PATH}/Result.framework",
				"${TARGET_BUILD_DIR}/${FRAMEWORKS_FOLDER_PATH}/SnapKit.framework",
				"${TARGET_BUILD_DIR}/${FRAMEWORKS_FOLDER_PATH}/Swinject.framework",
				"${TARGET_BUILD_DIR}/${FRAMEWORKS_FOLDER_PATH}/SwinjectStoryboard.framework",
				"${TARGET_BUILD_DIR}/${FRAMEWORKS_FOLDER_PATH}/Unbox.framework",
			);
			runOnlyForDeploymentPostprocessing = 0;
			shellPath = /bin/sh;
			shellScript = "\"${SRCROOT}/Pods/Target Support Files/Pods-Cookbook/Pods-Cookbook-frameworks.sh\"\n";
			showEnvVarsInLog = 0;
		};
		A6A2A6772786FD32B0C2F9F6 /* [CP] Copy Pods Resources */ = {
			isa = PBXShellScriptBuildPhase;
			buildActionMask = 2147483647;
			files = (
			);
			inputPaths = (
			);
			name = "[CP] Copy Pods Resources";
			outputPaths = (
			);
			runOnlyForDeploymentPostprocessing = 0;
			shellPath = /bin/sh;
			shellScript = "\"${SRCROOT}/Pods/Target Support Files/Pods-Cookbook/Pods-Cookbook-resources.sh\"\n";
			showEnvVarsInLog = 0;
		};
		EB2A4240368CB1A1E3318BBD /* [CP] Check Pods Manifest.lock */ = {
			isa = PBXShellScriptBuildPhase;
			buildActionMask = 2147483647;
			files = (
			);
			inputPaths = (
				"${PODS_PODFILE_DIR_PATH}/Podfile.lock",
				"${PODS_ROOT}/Manifest.lock",
			);
			name = "[CP] Check Pods Manifest.lock";
			outputPaths = (
				"$(DERIVED_FILE_DIR)/Pods-Cookbook-checkManifestLockResult.txt",
			);
			runOnlyForDeploymentPostprocessing = 0;
			shellPath = /bin/sh;
			shellScript = "diff \"${PODS_PODFILE_DIR_PATH}/Podfile.lock\" \"${PODS_ROOT}/Manifest.lock\" > /dev/null\nif [ $? != 0 ] ; then\n    # print error to STDERR\n    echo \"error: The sandbox is not in sync with the Podfile.lock. Run 'pod install' or update your CocoaPods installation.\" >&2\n    exit 1\nfi\n# This output is used by Xcode 'outputs' to avoid re-running this script phase.\necho \"SUCCESS\" > \"${SCRIPT_OUTPUT_FILE_0}\"\n";
			showEnvVarsInLog = 0;
		};
		F1CC45DD11FA4DB4F57D8D2E /* [CP] Check Pods Manifest.lock */ = {
			isa = PBXShellScriptBuildPhase;
			buildActionMask = 2147483647;
			files = (
			);
			inputPaths = (
				"${PODS_PODFILE_DIR_PATH}/Podfile.lock",
				"${PODS_ROOT}/Manifest.lock",
			);
			name = "[CP] Check Pods Manifest.lock";
			outputPaths = (
				"$(DERIVED_FILE_DIR)/Pods-CookbookTests-checkManifestLockResult.txt",
			);
			runOnlyForDeploymentPostprocessing = 0;
			shellPath = /bin/sh;
			shellScript = "diff \"${PODS_PODFILE_DIR_PATH}/Podfile.lock\" \"${PODS_ROOT}/Manifest.lock\" > /dev/null\nif [ $? != 0 ] ; then\n    # print error to STDERR\n    echo \"error: The sandbox is not in sync with the Podfile.lock. Run 'pod install' or update your CocoaPods installation.\" >&2\n    exit 1\nfi\n# This output is used by Xcode 'outputs' to avoid re-running this script phase.\necho \"SUCCESS\" > \"${SCRIPT_OUTPUT_FILE_0}\"\n";
			showEnvVarsInLog = 0;
		};
		F3101209723137D9B3B2AB6C /* [CP] Embed Pods Frameworks */ = {
			isa = PBXShellScriptBuildPhase;
			buildActionMask = 2147483647;
			files = (
			);
			inputPaths = (
				"${SRCROOT}/Pods/Target Support Files/Pods-CookbookTests/Pods-CookbookTests-frameworks.sh",
				"${BUILT_PRODUCTS_DIR}/ReactiveCocoa/ReactiveCocoa.framework",
				"${BUILT_PRODUCTS_DIR}/ReactiveSwift/ReactiveSwift.framework",
				"${BUILT_PRODUCTS_DIR}/Result/Result.framework",
				"${BUILT_PRODUCTS_DIR}/Swinject/Swinject.framework",
				"${BUILT_PRODUCTS_DIR}/Mockingjay/Mockingjay.framework",
				"${BUILT_PRODUCTS_DIR}/Nimble/Nimble.framework",
				"${BUILT_PRODUCTS_DIR}/Quick/Quick.framework",
				"${BUILT_PRODUCTS_DIR}/URITemplate/URITemplate.framework",
			);
			name = "[CP] Embed Pods Frameworks";
			outputPaths = (
				"${TARGET_BUILD_DIR}/${FRAMEWORKS_FOLDER_PATH}/ReactiveCocoa.framework",
				"${TARGET_BUILD_DIR}/${FRAMEWORKS_FOLDER_PATH}/ReactiveSwift.framework",
				"${TARGET_BUILD_DIR}/${FRAMEWORKS_FOLDER_PATH}/Result.framework",
				"${TARGET_BUILD_DIR}/${FRAMEWORKS_FOLDER_PATH}/Swinject.framework",
				"${TARGET_BUILD_DIR}/${FRAMEWORKS_FOLDER_PATH}/Mockingjay.framework",
				"${TARGET_BUILD_DIR}/${FRAMEWORKS_FOLDER_PATH}/Nimble.framework",
				"${TARGET_BUILD_DIR}/${FRAMEWORKS_FOLDER_PATH}/Quick.framework",
				"${TARGET_BUILD_DIR}/${FRAMEWORKS_FOLDER_PATH}/URITemplate.framework",
			);
			runOnlyForDeploymentPostprocessing = 0;
			shellPath = /bin/sh;
			shellScript = "\"${SRCROOT}/Pods/Target Support Files/Pods-CookbookTests/Pods-CookbookTests-frameworks.sh\"\n";
			showEnvVarsInLog = 0;
		};
/* End PBXShellScriptBuildPhase section */

/* Begin PBXSourcesBuildPhase section */
		8E31265F205BCEB300C86B61 /* Sources */ = {
			isa = PBXSourcesBuildPhase;
			buildActionMask = 2147483647;
			files = (
				8E752E3C20628C060093488A /* DetailViewControllerSpec.swift in Sources */,
				8E312666205BCEB300C86B61 /* NetworkSpec.swift in Sources */,
				8E71F475206232AA00397B47 /* MasterViewControllerSpec.swift in Sources */,
			);
			runOnlyForDeploymentPostprocessing = 0;
		};
		B4B814FB1E27831800C8A24B /* Sources */ = {
			isa = PBXSourcesBuildPhase;
			buildActionMask = 2147483647;
			files = (
				8E799A56206180F8008A799A /* EditViewModel.swift in Sources */,
				8EF5D30F206B70040076B5CC /* SwinjectStoryboard+Setup.swift in Sources */,
				8E799A54206180F8008A799A /* MasterViewModel.swift in Sources */,
				8E799A5E20618118008A799A /* Changeset.swift in Sources */,
				8E799A43206180BE008A799A /* String+.swift in Sources */,
				8E799A6520618138008A799A /* CookbookAPIService.swift in Sources */,
				8E799A55206180F8008A799A /* DetailViewModel.swift in Sources */,
				8E799A4D206180E4008A799A /* RecipeItemCell.swift in Sources */,
				8E71F47A20625E4E00397B47 /* StubAPIService.swift in Sources */,
				8E799A47206180BE008A799A /* Color+.swift in Sources */,
				8E799A5C20618118008A799A /* RecipeDetail.swift in Sources */,
				8E799A42206180BE008A799A /* Int+.swift in Sources */,
				8E799A5F20618118008A799A /* RecipeParameters.swift in Sources */,
				8E799A3820618036008A799A /* AppDelegate.swift in Sources */,
				8EF5D301206B6FC30076B5CC /* DetailViewModeling.swift in Sources */,
				8E799A48206180BE008A799A /* SplitViewController+.swift in Sources */,
				8EF5D305206B6FDF0076B5CC /* CookbookAPIServicing.swift in Sources */,
				8E799A5D20618118008A799A /* EvaluateParameters.swift in Sources */,
				8E799A7020618190008A799A /* Ingredient.swift in Sources */,
				8E799A6620618138008A799A /* APIService.swift in Sources */,
				8EF5D303206B6FC30076B5CC /* MasterViewModeling.swift in Sources */,
				8E799A46206180BE008A799A /* ViewController+.swift in Sources */,
				8E799A50206180E4008A799A /* DetailViewController.swift in Sources */,
				8E799A4F206180E4008A799A /* MasterViewController.swift in Sources */,
				8E799A44206180BE008A799A /* Array+.swift in Sources */,
				8E799A4E206180E4008A799A /* EditViewController.swift in Sources */,
				8EF5D302206B6FC30076B5CC /* EditViewModeling.swift in Sources */,
				8E799A362061622F008A799A /* StubNetwork.swift in Sources */,
				8E5C4FA1205182FD008C308E /* Theme.swift in Sources */,
				8E799A6420618138008A799A /* Network.swift in Sources */,
				8E799A6020618118008A799A /* Recipe.swift in Sources */,
			);
			runOnlyForDeploymentPostprocessing = 0;
		};
/* End PBXSourcesBuildPhase section */

/* Begin PBXTargetDependency section */
		8E312669205BCEB300C86B61 /* PBXTargetDependency */ = {
			isa = PBXTargetDependency;
			target = B4B814FE1E27831800C8A24B /* Cookbook */;
			targetProxy = 8E312668205BCEB300C86B61 /* PBXContainerItemProxy */;
		};
/* End PBXTargetDependency section */

/* Begin XCBuildConfiguration section */
		8E31266A205BCEB300C86B61 /* Debug */ = {
			isa = XCBuildConfiguration;
			baseConfigurationReference = B8DBC2C751A7CF3EC684F257 /* Pods-CookbookTests.debug.xcconfig */;
			buildSettings = {
				BUNDLE_LOADER = "$(TEST_HOST)";
				CLANG_ANALYZER_NUMBER_OBJECT_CONVERSION = YES_AGGRESSIVE;
				CLANG_CXX_LANGUAGE_STANDARD = "gnu++14";
				CLANG_WARN_UNGUARDED_AVAILABILITY = YES_AGGRESSIVE;
				CODE_SIGN_IDENTITY = "iPhone Developer";
				CODE_SIGN_STYLE = Automatic;
				DEVELOPMENT_TEAM = Q3UPW47U7L;
				GCC_C_LANGUAGE_STANDARD = gnu11;
				INFOPLIST_FILE = CookbookTests/Info.plist;
				IPHONEOS_DEPLOYMENT_TARGET = 11.2;
				LD_RUNPATH_SEARCH_PATHS = "$(inherited) @executable_path/Frameworks @loader_path/Frameworks";
				PRODUCT_BUNDLE_IDENTIFIER = lukas.andrlik.com.CookbookTests;
				PRODUCT_NAME = "$(TARGET_NAME)";
				SWIFT_VERSION = 4.0;
				TARGETED_DEVICE_FAMILY = "1,2";
				TEST_HOST = "$(BUILT_PRODUCTS_DIR)/Cookbook.app/Cookbook";
			};
			name = Debug;
		};
		8E31266B205BCEB300C86B61 /* Release */ = {
			isa = XCBuildConfiguration;
			baseConfigurationReference = EEA8AAEDBA6976DD24AA2638 /* Pods-CookbookTests.release.xcconfig */;
			buildSettings = {
				BUNDLE_LOADER = "$(TEST_HOST)";
				CLANG_ANALYZER_NUMBER_OBJECT_CONVERSION = YES_AGGRESSIVE;
				CLANG_CXX_LANGUAGE_STANDARD = "gnu++14";
				CLANG_WARN_UNGUARDED_AVAILABILITY = YES_AGGRESSIVE;
				CODE_SIGN_IDENTITY = "iPhone Developer";
				CODE_SIGN_STYLE = Automatic;
				DEVELOPMENT_TEAM = Q3UPW47U7L;
				GCC_C_LANGUAGE_STANDARD = gnu11;
				INFOPLIST_FILE = CookbookTests/Info.plist;
				IPHONEOS_DEPLOYMENT_TARGET = 11.2;
				LD_RUNPATH_SEARCH_PATHS = "$(inherited) @executable_path/Frameworks @loader_path/Frameworks";
				PRODUCT_BUNDLE_IDENTIFIER = lukas.andrlik.com.CookbookTests;
				PRODUCT_NAME = "$(TARGET_NAME)";
				SWIFT_VERSION = 4.0;
				TARGETED_DEVICE_FAMILY = "1,2";
				TEST_HOST = "$(BUILT_PRODUCTS_DIR)/Cookbook.app/Cookbook";
			};
			name = Release;
		};
		B4B815111E27831800C8A24B /* Debug */ = {
			isa = XCBuildConfiguration;
			buildSettings = {
				ALWAYS_SEARCH_USER_PATHS = NO;
				CLANG_ANALYZER_NONNULL = YES;
				CLANG_CXX_LANGUAGE_STANDARD = "gnu++0x";
				CLANG_CXX_LIBRARY = "libc++";
				CLANG_ENABLE_MODULES = YES;
				CLANG_ENABLE_OBJC_ARC = YES;
				CLANG_WARN_BLOCK_CAPTURE_AUTORELEASING = YES;
				CLANG_WARN_BOOL_CONVERSION = YES;
				CLANG_WARN_COMMA = YES;
				CLANG_WARN_CONSTANT_CONVERSION = YES;
				CLANG_WARN_DIRECT_OBJC_ISA_USAGE = YES_ERROR;
				CLANG_WARN_DOCUMENTATION_COMMENTS = YES;
				CLANG_WARN_EMPTY_BODY = YES;
				CLANG_WARN_ENUM_CONVERSION = YES;
				CLANG_WARN_INFINITE_RECURSION = YES;
				CLANG_WARN_INT_CONVERSION = YES;
				CLANG_WARN_NON_LITERAL_NULL_CONVERSION = YES;
				CLANG_WARN_OBJC_LITERAL_CONVERSION = YES;
				CLANG_WARN_OBJC_ROOT_CLASS = YES_ERROR;
				CLANG_WARN_RANGE_LOOP_ANALYSIS = YES;
				CLANG_WARN_STRICT_PROTOTYPES = YES;
				CLANG_WARN_SUSPICIOUS_MOVE = YES;
				CLANG_WARN_UNREACHABLE_CODE = YES;
				CLANG_WARN__DUPLICATE_METHOD_MATCH = YES;
				"CODE_SIGN_IDENTITY[sdk=iphoneos*]" = "iPhone Developer";
				COPY_PHASE_STRIP = NO;
				DEBUG_INFORMATION_FORMAT = dwarf;
				ENABLE_STRICT_OBJC_MSGSEND = YES;
				ENABLE_TESTABILITY = YES;
				GCC_C_LANGUAGE_STANDARD = gnu99;
				GCC_DYNAMIC_NO_PIC = NO;
				GCC_NO_COMMON_BLOCKS = YES;
				GCC_OPTIMIZATION_LEVEL = 0;
				GCC_PREPROCESSOR_DEFINITIONS = (
					"DEBUG=1",
					"$(inherited)",
				);
				GCC_WARN_64_TO_32_BIT_CONVERSION = YES;
				GCC_WARN_ABOUT_RETURN_TYPE = YES_ERROR;
				GCC_WARN_UNDECLARED_SELECTOR = YES;
				GCC_WARN_UNINITIALIZED_AUTOS = YES_AGGRESSIVE;
				GCC_WARN_UNUSED_FUNCTION = YES;
				GCC_WARN_UNUSED_VARIABLE = YES;
				IPHONEOS_DEPLOYMENT_TARGET = 10.2;
				MTL_ENABLE_DEBUG_INFO = YES;
				ONLY_ACTIVE_ARCH = YES;
				SDKROOT = iphoneos;
				SWIFT_ACTIVE_COMPILATION_CONDITIONS = DEBUG;
				SWIFT_OPTIMIZATION_LEVEL = "-Onone";
				TARGETED_DEVICE_FAMILY = "1,2";
			};
			name = Debug;
		};
		B4B815121E27831800C8A24B /* Release */ = {
			isa = XCBuildConfiguration;
			buildSettings = {
				ALWAYS_SEARCH_USER_PATHS = NO;
				CLANG_ANALYZER_NONNULL = YES;
				CLANG_CXX_LANGUAGE_STANDARD = "gnu++0x";
				CLANG_CXX_LIBRARY = "libc++";
				CLANG_ENABLE_MODULES = YES;
				CLANG_ENABLE_OBJC_ARC = YES;
				CLANG_WARN_BLOCK_CAPTURE_AUTORELEASING = YES;
				CLANG_WARN_BOOL_CONVERSION = YES;
				CLANG_WARN_COMMA = YES;
				CLANG_WARN_CONSTANT_CONVERSION = YES;
				CLANG_WARN_DIRECT_OBJC_ISA_USAGE = YES_ERROR;
				CLANG_WARN_DOCUMENTATION_COMMENTS = YES;
				CLANG_WARN_EMPTY_BODY = YES;
				CLANG_WARN_ENUM_CONVERSION = YES;
				CLANG_WARN_INFINITE_RECURSION = YES;
				CLANG_WARN_INT_CONVERSION = YES;
				CLANG_WARN_NON_LITERAL_NULL_CONVERSION = YES;
				CLANG_WARN_OBJC_LITERAL_CONVERSION = YES;
				CLANG_WARN_OBJC_ROOT_CLASS = YES_ERROR;
				CLANG_WARN_RANGE_LOOP_ANALYSIS = YES;
				CLANG_WARN_STRICT_PROTOTYPES = YES;
				CLANG_WARN_SUSPICIOUS_MOVE = YES;
				CLANG_WARN_UNREACHABLE_CODE = YES;
				CLANG_WARN__DUPLICATE_METHOD_MATCH = YES;
				"CODE_SIGN_IDENTITY[sdk=iphoneos*]" = "iPhone Developer";
				COPY_PHASE_STRIP = NO;
				DEBUG_INFORMATION_FORMAT = "dwarf-with-dsym";
				ENABLE_NS_ASSERTIONS = NO;
				ENABLE_STRICT_OBJC_MSGSEND = YES;
				GCC_C_LANGUAGE_STANDARD = gnu99;
				GCC_NO_COMMON_BLOCKS = YES;
				GCC_WARN_64_TO_32_BIT_CONVERSION = YES;
				GCC_WARN_ABOUT_RETURN_TYPE = YES_ERROR;
				GCC_WARN_UNDECLARED_SELECTOR = YES;
				GCC_WARN_UNINITIALIZED_AUTOS = YES_AGGRESSIVE;
				GCC_WARN_UNUSED_FUNCTION = YES;
				GCC_WARN_UNUSED_VARIABLE = YES;
				IPHONEOS_DEPLOYMENT_TARGET = 10.2;
				MTL_ENABLE_DEBUG_INFO = NO;
				SDKROOT = iphoneos;
				SWIFT_OPTIMIZATION_LEVEL = "-Owholemodule";
				TARGETED_DEVICE_FAMILY = "1,2";
				VALIDATE_PRODUCT = YES;
			};
			name = Release;
		};
		B4B815141E27831800C8A24B /* Debug */ = {
			isa = XCBuildConfiguration;
			baseConfigurationReference = 47802F2596027D21C9738512 /* Pods-Cookbook.debug.xcconfig */;
			buildSettings = {
				ASSETCATALOG_COMPILER_APPICON_NAME = AppIcon;
				DEVELOPMENT_TEAM = Q3UPW47U7L;
				INFOPLIST_FILE = "Cookbook-Test-Project/Info.plist";
				LD_RUNPATH_SEARCH_PATHS = "$(inherited) @executable_path/Frameworks";
				PRODUCT_BUNDLE_IDENTIFIER = cz.ackee.cookbook;
				PRODUCT_NAME = "$(TARGET_NAME)";
				SWIFT_VERSION = 4.0;
			};
			name = Debug;
		};
		B4B815151E27831800C8A24B /* Release */ = {
			isa = XCBuildConfiguration;
			baseConfigurationReference = 9C9E934CE6D3099D02ED5692 /* Pods-Cookbook.release.xcconfig */;
			buildSettings = {
				ASSETCATALOG_COMPILER_APPICON_NAME = AppIcon;
				DEVELOPMENT_TEAM = Q3UPW47U7L;
				INFOPLIST_FILE = "Cookbook-Test-Project/Info.plist";
				LD_RUNPATH_SEARCH_PATHS = "$(inherited) @executable_path/Frameworks";
				PRODUCT_BUNDLE_IDENTIFIER = cz.ackee.cookbook;
				PRODUCT_NAME = "$(TARGET_NAME)";
				SWIFT_VERSION = 4.0;
			};
			name = Release;
		};
/* End XCBuildConfiguration section */

/* Begin XCConfigurationList section */
		8E31266C205BCEB300C86B61 /* Build configuration list for PBXNativeTarget "CookbookTests" */ = {
			isa = XCConfigurationList;
			buildConfigurations = (
				8E31266A205BCEB300C86B61 /* Debug */,
				8E31266B205BCEB300C86B61 /* Release */,
			);
			defaultConfigurationIsVisible = 0;
			defaultConfigurationName = Release;
		};
		B4B814FA1E27831800C8A24B /* Build configuration list for PBXProject "Cookbook" */ = {
			isa = XCConfigurationList;
			buildConfigurations = (
				B4B815111E27831800C8A24B /* Debug */,
				B4B815121E27831800C8A24B /* Release */,
			);
			defaultConfigurationIsVisible = 0;
			defaultConfigurationName = Release;
		};
		B4B815131E27831800C8A24B /* Build configuration list for PBXNativeTarget "Cookbook" */ = {
			isa = XCConfigurationList;
			buildConfigurations = (
				B4B815141E27831800C8A24B /* Debug */,
				B4B815151E27831800C8A24B /* Release */,
			);
			defaultConfigurationIsVisible = 0;
			defaultConfigurationName = Release;
		};
/* End XCConfigurationList section */
	};
	rootObject = B4B814F71E27831800C8A24B /* Project object */;
}
